// !$*UTF8*$!
{
	archiveVersion = 1;
	classes = {
	};
	objectVersion = 46;
	objects = {

/* Begin PBXBuildFile section */
		86F784101E9A16440092CCAD /* AppDelegate.swift in Sources */ = {isa = PBXBuildFile; fileRef = 86F7840F1E9A16440092CCAD /* AppDelegate.swift */; };
		86F784121E9A16440092CCAD /* ViewController.swift in Sources */ = {isa = PBXBuildFile; fileRef = 86F784111E9A16440092CCAD /* ViewController.swift */; };
		86F784151E9A16440092CCAD /* Main.storyboard in Resources */ = {isa = PBXBuildFile; fileRef = 86F784131E9A16440092CCAD /* Main.storyboard */; };
		86F784171E9A16440092CCAD /* Assets.xcassets in Resources */ = {isa = PBXBuildFile; fileRef = 86F784161E9A16440092CCAD /* Assets.xcassets */; };
		86F7841A1E9A16440092CCAD /* LaunchScreen.storyboard in Resources */ = {isa = PBXBuildFile; fileRef = 86F784181E9A16440092CCAD /* LaunchScreen.storyboard */; };
		86F784251E9A16450092CCAD /* ptb2Tests.swift in Sources */ = {isa = PBXBuildFile; fileRef = 86F784241E9A16450092CCAD /* ptb2Tests.swift */; };
		86F784301E9A16450092CCAD /* ptb2UITests.swift in Sources */ = {isa = PBXBuildFile; fileRef = 86F7842F1E9A16450092CCAD /* ptb2UITests.swift */; };
/* End PBXBuildFile section */

/* Begin PBXContainerItemProxy section */
		86F784211E9A16450092CCAD /* PBXContainerItemProxy */ = {
			isa = PBXContainerItemProxy;
			containerPortal = 86F784041E9A16430092CCAD /* Project object */;
			proxyType = 1;
			remoteGlobalIDString = 86F7840B1E9A16430092CCAD;
			remoteInfo = ptb2;
		};
		86F7842C1E9A16450092CCAD /* PBXContainerItemProxy */ = {
			isa = PBXContainerItemProxy;
			containerPortal = 86F784041E9A16430092CCAD /* Project object */;
			proxyType = 1;
			remoteGlobalIDString = 86F7840B1E9A16430092CCAD;
			remoteInfo = ptb2;
		};
/* End PBXContainerItemProxy section */

/* Begin PBXFileReference section */
		86F7840C1E9A16440092CCAD /* ptb2.app */ = {isa = PBXFileReference; explicitFileType = wrapper.application; includeInIndex = 0; path = ptb2.app; sourceTree = BUILT_PRODUCTS_DIR; };
		86F7840F1E9A16440092CCAD /* AppDelegate.swift */ = {isa = PBXFileReference; lastKnownFileType = sourcecode.swift; path = AppDelegate.swift; sourceTree = "<group>"; };
		86F784111E9A16440092CCAD /* ViewController.swift */ = {isa = PBXFileReference; lastKnownFileType = sourcecode.swift; path = ViewController.swift; sourceTree = "<group>"; };
		86F784141E9A16440092CCAD /* Base */ = {isa = PBXFileReference; lastKnownFileType = file.storyboard; name = Base; path = Base.lproj/Main.storyboard; sourceTree = "<group>"; };
		86F784161E9A16440092CCAD /* Assets.xcassets */ = {isa = PBXFileReference; lastKnownFileType = folder.assetcatalog; path = Assets.xcassets; sourceTree = "<group>"; };
		86F784191E9A16440092CCAD /* Base */ = {isa = PBXFileReference; lastKnownFileType = file.storyboard; name = Base; path = Base.lproj/LaunchScreen.storyboard; sourceTree = "<group>"; };
		86F7841B1E9A16440092CCAD /* Info.plist */ = {isa = PBXFileReference; lastKnownFileType = text.plist.xml; path = Info.plist; sourceTree = "<group>"; };
		86F784201E9A16450092CCAD /* ptb2Tests.xctest */ = {isa = PBXFileReference; explicitFileType = wrapper.cfbundle; includeInIndex = 0; path = ptb2Tests.xctest; sourceTree = BUILT_PRODUCTS_DIR; };
		86F784241E9A16450092CCAD /* ptb2Tests.swift */ = {isa = PBXFileReference; lastKnownFileType = sourcecode.swift; path = ptb2Tests.swift; sourceTree = "<group>"; };
		86F784261E9A16450092CCAD /* Info.plist */ = {isa = PBXFileReference; lastKnownFileType = text.plist.xml; path = Info.plist; sourceTree = "<group>"; };
		86F7842B1E9A16450092CCAD /* ptb2UITests.xctest */ = {isa = PBXFileReference; explicitFileType = wrapper.cfbundle; includeInIndex = 0; path = ptb2UITests.xctest; sourceTree = BUILT_PRODUCTS_DIR; };
		86F7842F1E9A16450092CCAD /* ptb2UITests.swift */ = {isa = PBXFileReference; lastKnownFileType = sourcecode.swift; path = ptb2UITests.swift; sourceTree = "<group>"; };
		86F784311E9A16450092CCAD /* Info.plist */ = {isa = PBXFileReference; lastKnownFileType = text.plist.xml; path = Info.plist; sourceTree = "<group>"; };
/* End PBXFileReference section */

/* Begin PBXFrameworksBuildPhase section */
		86F784091E9A16430092CCAD /* Frameworks */ = {
			isa = PBXFrameworksBuildPhase;
			buildActionMask = 2147483647;
			files = (
			);
			runOnlyForDeploymentPostprocessing = 0;
		};
		86F7841D1E9A16450092CCAD /* Frameworks */ = {
			isa = PBXFrameworksBuildPhase;
			buildActionMask = 2147483647;
			files = (
			);
			runOnlyForDeploymentPostprocessing = 0;
		};
		86F784281E9A16450092CCAD /* Frameworks */ = {
			isa = PBXFrameworksBuildPhase;
			buildActionMask = 2147483647;
			files = (
			);
			runOnlyForDeploymentPostprocessing = 0;
		};
/* End PBXFrameworksBuildPhase section */

/* Begin PBXGroup section */
		86F784031E9A16430092CCAD = {
			isa = PBXGroup;
			children = (
				86F7840E1E9A16440092CCAD /* ptb2 */,
				86F784231E9A16450092CCAD /* ptb2Tests */,
				86F7842E1E9A16450092CCAD /* ptb2UITests */,
				86F7840D1E9A16440092CCAD /* Products */,
			);
			sourceTree = "<group>";
		};
		86F7840D1E9A16440092CCAD /* Products */ = {
			isa = PBXGroup;
			children = (
				86F7840C1E9A16440092CCAD /* ptb2.app */,
				86F784201E9A16450092CCAD /* ptb2Tests.xctest */,
				86F7842B1E9A16450092CCAD /* ptb2UITests.xctest */,
			);
			name = Products;
			sourceTree = "<group>";
		};
		86F7840E1E9A16440092CCAD /* ptb2 */ = {
			isa = PBXGroup;
			children = (
				86F7840F1E9A16440092CCAD /* AppDelegate.swift */,
				86F784111E9A16440092CCAD /* ViewController.swift */,
				86F784131E9A16440092CCAD /* Main.storyboard */,
				86F784161E9A16440092CCAD /* Assets.xcassets */,
				86F784181E9A16440092CCAD /* LaunchScreen.storyboard */,
				86F7841B1E9A16440092CCAD /* Info.plist */,
			);
			path = ptb2;
			sourceTree = "<group>";
		};
		86F784231E9A16450092CCAD /* ptb2Tests */ = {
			isa = PBXGroup;
			children = (
				86F784241E9A16450092CCAD /* ptb2Tests.swift */,
				86F784261E9A16450092CCAD /* Info.plist */,
			);
			path = ptb2Tests;
			sourceTree = "<group>";
		};
		86F7842E1E9A16450092CCAD /* ptb2UITests */ = {
			isa = PBXGroup;
			children = (
				86F7842F1E9A16450092CCAD /* ptb2UITests.swift */,
				86F784311E9A16450092CCAD /* Info.plist */,
			);
			path = ptb2UITests;
			sourceTree = "<group>";
		};
/* End PBXGroup section */

/* Begin PBXNativeTarget section */
		86F7840B1E9A16430092CCAD /* ptb2 */ = {
			isa = PBXNativeTarget;
			buildConfigurationList = 86F784341E9A16450092CCAD /* Build configuration list for PBXNativeTarget "ptb2" */;
			buildPhases = (
				86F784081E9A16430092CCAD /* Sources */,
				86F784091E9A16430092CCAD /* Frameworks */,
				86F7840A1E9A16430092CCAD /* Resources */,
			);
			buildRules = (
			);
			dependencies = (
			);
			name = ptb2;
			productName = ptb2;
			productReference = 86F7840C1E9A16440092CCAD /* ptb2.app */;
			productType = "com.apple.product-type.application";
		};
		86F7841F1E9A16450092CCAD /* ptb2Tests */ = {
			isa = PBXNativeTarget;
			buildConfigurationList = 86F784371E9A16450092CCAD /* Build configuration list for PBXNativeTarget "ptb2Tests" */;
			buildPhases = (
				86F7841C1E9A16450092CCAD /* Sources */,
				86F7841D1E9A16450092CCAD /* Frameworks */,
				86F7841E1E9A16450092CCAD /* Resources */,
			);
			buildRules = (
			);
			dependencies = (
				86F784221E9A16450092CCAD /* PBXTargetDependency */,
			);
			name = ptb2Tests;
			productName = ptb2Tests;
			productReference = 86F784201E9A16450092CCAD /* ptb2Tests.xctest */;
			productType = "com.apple.product-type.bundle.unit-test";
		};
		86F7842A1E9A16450092CCAD /* ptb2UITests */ = {
			isa = PBXNativeTarget;
			buildConfigurationList = 86F7843A1E9A16450092CCAD /* Build configuration list for PBXNativeTarget "ptb2UITests" */;
			buildPhases = (
				86F784271E9A16450092CCAD /* Sources */,
				86F784281E9A16450092CCAD /* Frameworks */,
				86F784291E9A16450092CCAD /* Resources */,
			);
			buildRules = (
			);
			dependencies = (
				86F7842D1E9A16450092CCAD /* PBXTargetDependency */,
			);
			name = ptb2UITests;
			productName = ptb2UITests;
			productReference = 86F7842B1E9A16450092CCAD /* ptb2UITests.xctest */;
			productType = "com.apple.product-type.bundle.ui-testing";
		};
/* End PBXNativeTarget section */

/* Begin PBXProject section */
		86F784041E9A16430092CCAD /* Project object */ = {
			isa = PBXProject;
			attributes = {
				LastSwiftUpdateCheck = 0830;
				LastUpgradeCheck = 0830;
				ORGANIZATIONNAME = ngoccam;
				TargetAttributes = {
					86F7840B1E9A16430092CCAD = {
						CreatedOnToolsVersion = 8.3;
						ProvisioningStyle = Automatic;
					};
					86F7841F1E9A16450092CCAD = {
						CreatedOnToolsVersion = 8.3;
						ProvisioningStyle = Automatic;
						TestTargetID = 86F7840B1E9A16430092CCAD;
					};
					86F7842A1E9A16450092CCAD = {
						CreatedOnToolsVersion = 8.3;
						ProvisioningStyle = Automatic;
						TestTargetID = 86F7840B1E9A16430092CCAD;
					};
				};
			};
			buildConfigurationList = 86F784071E9A16430092CCAD /* Build configuration list for PBXProject "ptb2" */;
			compatibilityVersion = "Xcode 3.2";
			developmentRegion = English;
			hasScannedForEncodings = 0;
			knownRegions = (
				en,
				Base,
			);
			mainGroup = 86F784031E9A16430092CCAD;
			productRefGroup = 86F7840D1E9A16440092CCAD /* Products */;
			projectDirPath = "";
			projectRoot = "";
			targets = (
				86F7840B1E9A16430092CCAD /* ptb2 */,
				86F7841F1E9A16450092CCAD /* ptb2Tests */,
				86F7842A1E9A16450092CCAD /* ptb2UITests */,
			);
		};
/* End PBXProject section */

/* Begin PBXResourcesBuildPhase section */
		86F7840A1E9A16430092CCAD /* Resources */ = {
			isa = PBXResourcesBuildPhase;
			buildActionMask = 2147483647;
			files = (
				86F7841A1E9A16440092CCAD /* LaunchScreen.storyboard in Resources */,
				86F784171E9A16440092CCAD /* Assets.xcassets in Resources */,
				86F784151E9A16440092CCAD /* Main.storyboard in Resources */,
			);
			runOnlyForDeploymentPostprocessing = 0;
		};
		86F7841E1E9A16450092CCAD /* Resources */ = {
			isa = PBXResourcesBuildPhase;
			buildActionMask = 2147483647;
			files = (
			);
			runOnlyForDeploymentPostprocessing = 0;
		};
		86F784291E9A16450092CCAD /* Resources */ = {
			isa = PBXResourcesBuildPhase;
			buildActionMask = 2147483647;
			files = (
			);
			runOnlyForDeploymentPostprocessing = 0;
		};
/* End PBXResourcesBuildPhase section */

/* Begin PBXSourcesBuildPhase section */
		86F784081E9A16430092CCAD /* Sources */ = {
			isa = PBXSourcesBuildPhase;
			buildActionMask = 2147483647;
			files = (
				86F784121E9A16440092CCAD /* ViewController.swift in Sources */,
				86F784101E9A16440092CCAD /* AppDelegate.swift in Sources */,
			);
			runOnlyForDeploymentPostprocessing = 0;
		};
		86F7841C1E9A16450092CCAD /* Sources */ = {
			isa = PBXSourcesBuildPhase;
			buildActionMask = 2147483647;
			files = (
				86F784251E9A16450092CCAD /* ptb2Tests.swift in Sources */,
			);
			runOnlyForDeploymentPostprocessing = 0;
		};
		86F784271E9A16450092CCAD /* Sources */ = {
			isa = PBXSourcesBuildPhase;
			buildActionMask = 2147483647;
			files = (
				86F784301E9A16450092CCAD /* ptb2UITests.swift in Sources */,
			);
			runOnlyForDeploymentPostprocessing = 0;
		};
/* End PBXSourcesBuildPhase section */

/* Begin PBXTargetDependency section */
		86F784221E9A16450092CCAD /* PBXTargetDependency */ = {
			isa = PBXTargetDependency;
			target = 86F7840B1E9A16430092CCAD /* ptb2 */;
			targetProxy = 86F784211E9A16450092CCAD /* PBXContainerItemProxy */;
		};
		86F7842D1E9A16450092CCAD /* PBXTargetDependency */ = {
			isa = PBXTargetDependency;
			target = 86F7840B1E9A16430092CCAD /* ptb2 */;
			targetProxy = 86F7842C1E9A16450092CCAD /* PBXContainerItemProxy */;
		};
/* End PBXTargetDependency section */

/* Begin PBXVariantGroup section */
		86F784131E9A16440092CCAD /* Main.storyboard */ = {
			isa = PBXVariantGroup;
			children = (
				86F784141E9A16440092CCAD /* Base */,
			);
			name = Main.storyboard;
			sourceTree = "<group>";
		};
		86F784181E9A16440092CCAD /* LaunchScreen.storyboard */ = {
			isa = PBXVariantGroup;
			children = (
				86F784191E9A16440092CCAD /* Base */,
			);
			name = LaunchScreen.storyboard;
			sourceTree = "<group>";
		};
/* End PBXVariantGroup section */

/* Begin XCBuildConfiguration section */
		86F784321E9A16450092CCAD /* Debug */ = {
			isa = XCBuildConfiguration;
			buildSettings = {
				ALWAYS_SEARCH_USER_PATHS = NO;
				CLANG_ANALYZER_NONNULL = YES;
				CLANG_ANALYZER_NUMBER_OBJECT_CONVERSION = YES_AGGRESSIVE;
				CLANG_CXX_LANGUAGE_STANDARD = "gnu++0x";
				CLANG_CXX_LIBRARY = "libc++";
				CLANG_ENABLE_MODULES = YES;
				CLANG_ENABLE_OBJC_ARC = YES;
				CLANG_WARN_BOOL_CONVERSION = YES;
				CLANG_WARN_CONSTANT_CONVERSION = YES;
				CLANG_WARN_DIRECT_OBJC_ISA_USAGE = YES_ERROR;
				CLANG_WARN_DOCUMENTATION_COMMENTS = YES;
				CLANG_WARN_EMPTY_BODY = YES;
				CLANG_WARN_ENUM_CONVERSION = YES;
				CLANG_WARN_INFINITE_RECURSION = YES;
				CLANG_WARN_INT_CONVERSION = YES;
				CLANG_WARN_OBJC_ROOT_CLASS = YES_ERROR;
				CLANG_WARN_SUSPICIOUS_MOVE = YES;
				CLANG_WARN_UNREACHABLE_CODE = YES;
				CLANG_WARN__DUPLICATE_METHOD_MATCH = YES;
				"CODE_SIGN_IDENTITY[sdk=iphoneos*]" = "iPhone Developer";
				COPY_PHASE_STRIP = NO;
				DEBUG_INFORMATION_FORMAT = dwarf;
				ENABLE_STRICT_OBJC_MSGSEND = YES;
				ENABLE_TESTABILITY = YES;
				GCC_C_LANGUAGE_STANDARD = gnu99;
				GCC_DYNAMIC_NO_PIC = NO;
				GCC_NO_COMMON_BLOCKS = YES;
				GCC_OPTIMIZATION_LEVEL = 0;
				GCC_PREPROCESSOR_DEFINITIONS = (
					"DEBUG=1",
					"$(inherited)",
				);
				GCC_WARN_64_TO_32_BIT_CONVERSION = YES;
				GCC_WARN_ABOUT_RETURN_TYPE = YES_ERROR;
				GCC_WARN_UNDECLARED_SELECTOR = YES;
				GCC_WARN_UNINITIALIZED_AUTOS = YES_AGGRESSIVE;
				GCC_WARN_UNUSED_FUNCTION = YES;
				GCC_WARN_UNUSED_VARIABLE = YES;
				IPHONEOS_DEPLOYMENT_TARGET = 10.3;
				MTL_ENABLE_DEBUG_INFO = YES;
				ONLY_ACTIVE_ARCH = YES;
				SDKROOT = iphoneos;
				SWIFT_ACTIVE_COMPILATION_CONDITIONS = DEBUG;
				SWIFT_OPTIMIZATION_LEVEL = "-Onone";
			};
			name = Debug;
		};
		86F784331E9A16450092CCAD /* Release */ = {
			isa = XCBuildConfiguration;
			buildSettings = {
				ALWAYS_SEARCH_USER_PATHS = NO;
				CLANG_ANALYZER_NONNULL = YES;
				CLANG_ANALYZER_NUMBER_OBJECT_CONVERSION = YES_AGGRESSIVE;
				CLANG_CXX_LANGUAGE_STANDARD = "gnu++0x";
				CLANG_CXX_LIBRARY = "libc++";
				CLANG_ENABLE_MODULES = YES;
				CLANG_ENABLE_OBJC_ARC = YES;
				CLANG_WARN_BOOL_CONVERSION = YES;
				CLANG_WARN_CONSTANT_CONVERSION = YES;
				CLANG_WARN_DIRECT_OBJC_ISA_USAGE = YES_ERROR;
				CLANG_WARN_DOCUMENTATION_COMMENTS = YES;
				CLANG_WARN_EMPTY_BODY = YES;
				CLANG_WARN_ENUM_CONVERSION = YES;
				CLANG_WARN_INFINITE_RECURSION = YES;
				CLANG_WARN_INT_CONVERSION = YES;
				CLANG_WARN_OBJC_ROOT_CLASS = YES_ERROR;
				CLANG_WARN_SUSPICIOUS_MOVE = YES;
				CLANG_WARN_UNREACHABLE_CODE = YES;
				CLANG_WARN__DUPLICATE_METHOD_MATCH = YES;
				"CODE_SIGN_IDENTITY[sdk=iphoneos*]" = "iPhone Developer";
				COPY_PHASE_STRIP = NO;
				DEBUG_INFORMATION_FORMAT = "dwarf-with-dsym";
				ENABLE_NS_ASSERTIONS = NO;
				ENABLE_STRICT_OBJC_MSGSEND = YES;
				GCC_C_LANGUAGE_STANDARD = gnu99;
				GCC_NO_COMMON_BLOCKS = YES;
				GCC_WARN_64_TO_32_BIT_CONVERSION = YES;
				GCC_WARN_ABOUT_RETURN_TYPE = YES_ERROR;
				GCC_WARN_UNDECLARED_SELECTOR = YES;
				GCC_WARN_UNINITIALIZED_AUTOS = YES_AGGRESSIVE;
				GCC_WARN_UNUSED_FUNCTION = YES;
				GCC_WARN_UNUSED_VARIABLE = YES;
				IPHONEOS_DEPLOYMENT_TARGET = 10.3;
				MTL_ENABLE_DEBUG_INFO = NO;
				SDKROOT = iphoneos;
				SWIFT_OPTIMIZATION_LEVEL = "-Owholemodule";
				VALIDATE_PRODUCT = YES;
			};
			name = Release;
		};
		86F784351E9A16450092CCAD /* Debug */ = {
			isa = XCBuildConfiguration;
			buildSettings = {
				ASSETCATALOG_COMPILER_APPICON_NAME = AppIcon;
				INFOPLIST_FILE = ptb2/Info.plist;
				LD_RUNPATH_SEARCH_PATHS = "$(inherited) @executable_path/Frameworks";
				PRODUCT_BUNDLE_IDENTIFIER = ngoccam.ptb2;
				PRODUCT_NAME = "$(TARGET_NAME)";
				SWIFT_VERSION = 3.0;
			};
			name = Debug;
		};
		86F784361E9A16450092CCAD /* Release */ = {
			isa = XCBuildConfiguration;
			buildSettings = {
				ASSETCATALOG_COMPILER_APPICON_NAME = AppIcon;
				INFOPLIST_FILE = ptb2/Info.plist;
				LD_RUNPATH_SEARCH_PATHS = "$(inherited) @executable_path/Frameworks";
				PRODUCT_BUNDLE_IDENTIFIER = ngoccam.ptb2;
				PRODUCT_NAME = "$(TARGET_NAME)";
				SWIFT_VERSION = 3.0;
			};
			name = Release;
		};
		86F784381E9A16450092CCAD /* Debug */ = {
			isa = XCBuildConfiguration;
			buildSettings = {
				ALWAYS_EMBED_SWIFT_STANDARD_LIBRARIES = YES;
				BUNDLE_LOADER = "$(TEST_HOST)";
				INFOPLIST_FILE = ptb2Tests/Info.plist;
				LD_RUNPATH_SEARCH_PATHS = "$(inherited) @executable_path/Frameworks @loader_path/Frameworks";
				PRODUCT_BUNDLE_IDENTIFIER = ngoccam.ptb2Tests;
				PRODUCT_NAME = "$(TARGET_NAME)";
				SWIFT_VERSION = 3.0;
				TEST_HOST = "$(BUILT_PRODUCTS_DIR)/ptb2.app/ptb2";
			};
			name = Debug;
		};
		86F784391E9A16450092CCAD /* Release */ = {
			isa = XCBuildConfiguration;
			buildSettings = {
				ALWAYS_EMBED_SWIFT_STANDARD_LIBRARIES = YES;
				BUNDLE_LOADER = "$(TEST_HOST)";
				INFOPLIST_FILE = ptb2Tests/Info.plist;
				LD_RUNPATH_SEARCH_PATHS = "$(inherited) @executable_path/Frameworks @loader_path/Frameworks";
				PRODUCT_BUNDLE_IDENTIFIER = ngoccam.ptb2Tests;
				PRODUCT_NAME = "$(TARGET_NAME)";
				SWIFT_VERSION = 3.0;
				TEST_HOST = "$(BUILT_PRODUCTS_DIR)/ptb2.app/ptb2";
			};
			name = Release;
		};
		86F7843B1E9A16450092CCAD /* Debug */ = {
			isa = XCBuildConfiguration;
			buildSettings = {
				ALWAYS_EMBED_SWIFT_STANDARD_LIBRARIES = YES;
				INFOPLIST_FILE = ptb2UITests/Info.plist;
				LD_RUNPATH_SEARCH_PATHS = "$(inherited) @executable_path/Frameworks @loader_path/Frameworks";
				PRODUCT_BUNDLE_IDENTIFIER = ngoccam.ptb2UITests;
				PRODUCT_NAME = "$(TARGET_NAME)";
				SWIFT_VERSION = 3.0;
				TEST_TARGET_NAME = ptb2;
			};
			name = Debug;
		};
		86F7843C1E9A16450092CCAD /* Release */ = {
			isa = XCBuildConfiguration;
			buildSettings = {
				ALWAYS_EMBED_SWIFT_STANDARD_LIBRARIES = YES;
				INFOPLIST_FILE = ptb2UITests/Info.plist;
				LD_RUNPATH_SEARCH_PATHS = "$(inherited) @executable_path/Frameworks @loader_path/Frameworks";
				PRODUCT_BUNDLE_IDENTIFIER = ngoccam.ptb2UITests;
				PRODUCT_NAME = "$(TARGET_NAME)";
				SWIFT_VERSION = 3.0;
				TEST_TARGET_NAME = ptb2;
			};
			name = Release;
		};
/* End XCBuildConfiguration section */

/* Begin XCConfigurationList section */
		86F784071E9A16430092CCAD /* Build configuration list for PBXProject "ptb2" */ = {
			isa = XCConfigurationList;
			buildConfigurations = (
				86F784321E9A16450092CCAD /* Debug */,
				86F784331E9A16450092CCAD /* Release */,
			);
			defaultConfigurationIsVisible = 0;
			defaultConfigurationName = Release;
		};
		86F784341E9A16450092CCAD /* Build configuration list for PBXNativeTarget "ptb2" */ = {
			isa = XCConfigurationList;
			buildConfigurations = (
				86F784351E9A16450092CCAD /* Debug */,
				86F784361E9A16450092CCAD /* Release */,
			);
			defaultConfigurationIsVisible = 0;
		};
		86F784371E9A16450092CCAD /* Build configuration list for PBXNativeTarget "ptb2Tests" */ = {
			isa = XCConfigurationList;
			buildConfigurations = (
				86F784381E9A16450092CCAD /* Debug */,
				86F784391E9A16450092CCAD /* Release */,
			);
			defaultConfigurationIsVisible = 0;
		};
		86F7843A1E9A16450092CCAD /* Build configuration list for PBXNativeTarget "ptb2UITests" */ = {
			isa = XCConfigurationList;
			buildConfigurations = (
				86F7843B1E9A16450092CCAD /* Debug */,
				86F7843C1E9A16450092CCAD /* Release */,
			);
			defaultConfigurationIsVisible = 0;
		};
/* End XCConfigurationList section */
	};
	rootObject = 86F784041E9A16430092CCAD /* Project object */;
}
